
Microsoft Visual Studio Solution File, Format Version 12.00
# Visual Studio Version 17
VisualStudioVersion = 17.8.34330.188
MinimumVisualStudioVersion = 10.0.40219.1
Project("{FAE04EC0-301F-11D3-BF4B-00C04F79EFBC}") = "ConsoleApp2", "ConsoleApp2.csproj", "{C94165AD-5C98-4C0D-86EC-30E6FFF8DA7F}"
EndProject
Global
	GlobalSection(SolutionConfigurationPlatforms) = preSolution
		Debug|Any CPU = Debug|Any CPU
		Release|Any CPU = Release|Any CPU
	EndGlobalSection
	GlobalSection(ProjectConfigurationPlatforms) = postSolution
		{C94165AD-5C98-4C0D-86EC-30E6FFF8DA7F}.Debug|Any CPU.ActiveCfg = Debug|Any CPU
		{C94165AD-5C98-4C0D-86EC-30E6FFF8DA7F}.Debug|Any CPU.Build.0 = Debug|Any CPU
		{C94165AD-5C98-4C0D-86EC-30E6FFF8DA7F}.Release|Any CPU.ActiveCfg = Release|Any CPU
		{C94165AD-5C98-4C0D-86EC-30E6FFF8DA7F}.Release|Any CPU.Build.0 = Release|Any CPU
	EndGlobalSection
	GlobalSection(SolutionProperties) = preSolution
		HideSolutionNode = FALSE
	EndGlobalSection
	GlobalSection(ExtensibilityGlobals) = postSolution
		SolutionGuid = {3A9245D8-000B-4392-9DD7-10AF82302540}
	EndGlobalSection
EndGlobal
